// !$*UTF8*$!
{
	archiveVersion = 1;
	classes = {
	};
	objectVersion = 46;
	objects = {

/* Begin PBXBuildFile section */
		F813B73D1E43716A008CB5F0 /* main.m in Sources */ = {isa = PBXBuildFile; fileRef = F813B73C1E43716A008CB5F0 /* main.m */; };
		F813B7401E43716A008CB5F0 /* AppDelegate.m in Sources */ = {isa = PBXBuildFile; fileRef = F813B73F1E43716A008CB5F0 /* AppDelegate.m */; };
		F813B7431E43716A008CB5F0 /* ViewController.m in Sources */ = {isa = PBXBuildFile; fileRef = F813B7421E43716A008CB5F0 /* ViewController.m */; };
		F813B7461E43716A008CB5F0 /* Main.storyboard in Resources */ = {isa = PBXBuildFile; fileRef = F813B7441E43716A008CB5F0 /* Main.storyboard */; };
		F813B7481E43716A008CB5F0 /* Assets.xcassets in Resources */ = {isa = PBXBuildFile; fileRef = F813B7471E43716A008CB5F0 /* Assets.xcassets */; };
		F813B74B1E43716A008CB5F0 /* LaunchScreen.storyboard in Resources */ = {isa = PBXBuildFile; fileRef = F813B7491E43716A008CB5F0 /* LaunchScreen.storyboard */; };
		F813B7561E43716A008CB5F0 /* DBUtilsTests.m in Sources */ = {isa = PBXBuildFile; fileRef = F813B7551E43716A008CB5F0 /* DBUtilsTests.m */; };
		F813B7611E43716B008CB5F0 /* DBUtilsUITests.m in Sources */ = {isa = PBXBuildFile; fileRef = F813B7601E43716B008CB5F0 /* DBUtilsUITests.m */; };
		F813B7931E4371EF008CB5F0 /* FMDatabase.m in Sources */ = {isa = PBXBuildFile; fileRef = F813B77B1E4371EF008CB5F0 /* FMDatabase.m */; };
		F813B7941E4371EF008CB5F0 /* FMDatabaseAdditions.m in Sources */ = {isa = PBXBuildFile; fileRef = F813B77D1E4371EF008CB5F0 /* FMDatabaseAdditions.m */; };
		F813B7951E4371EF008CB5F0 /* FMDatabasePool.m in Sources */ = {isa = PBXBuildFile; fileRef = F813B77F1E4371EF008CB5F0 /* FMDatabasePool.m */; };
		F813B7961E4371EF008CB5F0 /* FMDatabaseQueue.m in Sources */ = {isa = PBXBuildFile; fileRef = F813B7811E4371EF008CB5F0 /* FMDatabaseQueue.m */; };
		F813B7971E4371EF008CB5F0 /* FMResultSet.m in Sources */ = {isa = PBXBuildFile; fileRef = F813B7841E4371EF008CB5F0 /* FMResultSet.m */; };
		F813B79A1E4371EF008CB5F0 /* TestModel.m in Sources */ = {isa = PBXBuildFile; fileRef = F813B78B1E4371EF008CB5F0 /* TestModel.m */; };
		F813B79B1E4371EF008CB5F0 /* User.m in Sources */ = {isa = PBXBuildFile; fileRef = F813B78D1E4371EF008CB5F0 /* User.m */; };
		F813B7A11E437257008CB5F0 /* LMBDBHelper.m in Sources */ = {isa = PBXBuildFile; fileRef = F813B79E1E437257008CB5F0 /* LMBDBHelper.m */; };
		F813B7A21E437257008CB5F0 /* LMBDBModel.m in Sources */ = {isa = PBXBuildFile; fileRef = F813B7A01E437257008CB5F0 /* LMBDBModel.m */; };
		F813B7A41E4374BD008CB5F0 /* libsqlite3.tbd in Frameworks */ = {isa = PBXBuildFile; fileRef = F813B7A31E4374BD008CB5F0 /* libsqlite3.tbd */; };
		F813B7A61E4374C5008CB5F0 /* libstdc++.6.0.9.tbd in Frameworks */ = {isa = PBXBuildFile; fileRef = F813B7A51E4374C5008CB5F0 /* libstdc++.6.0.9.tbd */; };
/* End PBXBuildFile section */

/* Begin PBXContainerItemProxy section */
		F813B7521E43716A008CB5F0 /* PBXContainerItemProxy */ = {
			isa = PBXContainerItemProxy;
			containerPortal = F813B7301E43716A008CB5F0 /* Project object */;
			proxyType = 1;
			remoteGlobalIDString = F813B7371E43716A008CB5F0;
			remoteInfo = DBUtils;
		};
		F813B75D1E43716B008CB5F0 /* PBXContainerItemProxy */ = {
			isa = PBXContainerItemProxy;
			containerPortal = F813B7301E43716A008CB5F0 /* Project object */;
			proxyType = 1;
			remoteGlobalIDString = F813B7371E43716A008CB5F0;
			remoteInfo = DBUtils;
		};
/* End PBXContainerItemProxy section */

/* Begin PBXFileReference section */
		F813B7381E43716A008CB5F0 /* DBUtils.app */ = {isa = PBXFileReference; explicitFileType = wrapper.application; includeInIndex = 0; path = DBUtils.app; sourceTree = BUILT_PRODUCTS_DIR; };
		F813B73C1E43716A008CB5F0 /* main.m */ = {isa = PBXFileReference; lastKnownFileType = sourcecode.c.objc; path = main.m; sourceTree = "<group>"; };
		F813B73E1E43716A008CB5F0 /* AppDelegate.h */ = {isa = PBXFileReference; lastKnownFileType = sourcecode.c.h; path = AppDelegate.h; sourceTree = "<group>"; };
		F813B73F1E43716A008CB5F0 /* AppDelegate.m */ = {isa = PBXFileReference; lastKnownFileType = sourcecode.c.objc; path = AppDelegate.m; sourceTree = "<group>"; };
		F813B7411E43716A008CB5F0 /* ViewController.h */ = {isa = PBXFileReference; lastKnownFileType = sourcecode.c.h; path = ViewController.h; sourceTree = "<group>"; };
		F813B7421E43716A008CB5F0 /* ViewController.m */ = {isa = PBXFileReference; lastKnownFileType = sourcecode.c.objc; path = ViewController.m; sourceTree = "<group>"; };
		F813B7451E43716A008CB5F0 /* Base */ = {isa = PBXFileReference; lastKnownFileType = file.storyboard; name = Base; path = Base.lproj/Main.storyboard; sourceTree = "<group>"; };
		F813B7471E43716A008CB5F0 /* Assets.xcassets */ = {isa = PBXFileReference; lastKnownFileType = folder.assetcatalog; path = Assets.xcassets; sourceTree = "<group>"; };
		F813B74A1E43716A008CB5F0 /* Base */ = {isa = PBXFileReference; lastKnownFileType = file.storyboard; name = Base; path = Base.lproj/LaunchScreen.storyboard; sourceTree = "<group>"; };
		F813B74C1E43716A008CB5F0 /* Info.plist */ = {isa = PBXFileReference; lastKnownFileType = text.plist.xml; path = Info.plist; sourceTree = "<group>"; };
		F813B7511E43716A008CB5F0 /* DBUtilsTests.xctest */ = {isa = PBXFileReference; explicitFileType = wrapper.cfbundle; includeInIndex = 0; path = DBUtilsTests.xctest; sourceTree = BUILT_PRODUCTS_DIR; };
		F813B7551E43716A008CB5F0 /* DBUtilsTests.m */ = {isa = PBXFileReference; lastKnownFileType = sourcecode.c.objc; path = DBUtilsTests.m; sourceTree = "<group>"; };
		F813B7571E43716B008CB5F0 /* Info.plist */ = {isa = PBXFileReference; lastKnownFileType = text.plist.xml; path = Info.plist; sourceTree = "<group>"; };
		F813B75C1E43716B008CB5F0 /* DBUtilsUITests.xctest */ = {isa = PBXFileReference; explicitFileType = wrapper.cfbundle; includeInIndex = 0; path = DBUtilsUITests.xctest; sourceTree = BUILT_PRODUCTS_DIR; };
		F813B7601E43716B008CB5F0 /* DBUtilsUITests.m */ = {isa = PBXFileReference; lastKnownFileType = sourcecode.c.objc; path = DBUtilsUITests.m; sourceTree = "<group>"; };
		F813B7621E43716B008CB5F0 /* Info.plist */ = {isa = PBXFileReference; lastKnownFileType = text.plist.xml; path = Info.plist; sourceTree = "<group>"; };
		F813B77A1E4371EF008CB5F0 /* FMDatabase.h */ = {isa = PBXFileReference; fileEncoding = 4; lastKnownFileType = sourcecode.c.h; path = FMDatabase.h; sourceTree = "<group>"; };
		F813B77B1E4371EF008CB5F0 /* FMDatabase.m */ = {isa = PBXFileReference; fileEncoding = 4; lastKnownFileType = sourcecode.c.objc; path = FMDatabase.m; sourceTree = "<group>"; };
		F813B77C1E4371EF008CB5F0 /* FMDatabaseAdditions.h */ = {isa = PBXFileReference; fileEncoding = 4; lastKnownFileType = sourcecode.c.h; path = FMDatabaseAdditions.h; sourceTree = "<group>"; };
		F813B77D1E4371EF008CB5F0 /* FMDatabaseAdditions.m */ = {isa = PBXFileReference; fileEncoding = 4; lastKnownFileType = sourcecode.c.objc; path = FMDatabaseAdditions.m; sourceTree = "<group>"; };
		F813B77E1E4371EF008CB5F0 /* FMDatabasePool.h */ = {isa = PBXFileReference; fileEncoding = 4; lastKnownFileType = sourcecode.c.h; path = FMDatabasePool.h; sourceTree = "<group>"; };
		F813B77F1E4371EF008CB5F0 /* FMDatabasePool.m */ = {isa = PBXFileReference; fileEncoding = 4; lastKnownFileType = sourcecode.c.objc; path = FMDatabasePool.m; sourceTree = "<group>"; };
		F813B7801E4371EF008CB5F0 /* FMDatabaseQueue.h */ = {isa = PBXFileReference; fileEncoding = 4; lastKnownFileType = sourcecode.c.h; path = FMDatabaseQueue.h; sourceTree = "<group>"; };
		F813B7811E4371EF008CB5F0 /* FMDatabaseQueue.m */ = {isa = PBXFileReference; fileEncoding = 4; lastKnownFileType = sourcecode.c.objc; path = FMDatabaseQueue.m; sourceTree = "<group>"; };
		F813B7821E4371EF008CB5F0 /* FMDB.h */ = {isa = PBXFileReference; fileEncoding = 4; lastKnownFileType = sourcecode.c.h; path = FMDB.h; sourceTree = "<group>"; };
		F813B7831E4371EF008CB5F0 /* FMResultSet.h */ = {isa = PBXFileReference; fileEncoding = 4; lastKnownFileType = sourcecode.c.h; path = FMResultSet.h; sourceTree = "<group>"; };
		F813B7841E4371EF008CB5F0 /* FMResultSet.m */ = {isa = PBXFileReference; fileEncoding = 4; lastKnownFileType = sourcecode.c.objc; path = FMResultSet.m; sourceTree = "<group>"; };
		F813B78A1E4371EF008CB5F0 /* TestModel.h */ = {isa = PBXFileReference; fileEncoding = 4; lastKnownFileType = sourcecode.c.h; path = TestModel.h; sourceTree = "<group>"; };
		F813B78B1E4371EF008CB5F0 /* TestModel.m */ = {isa = PBXFileReference; fileEncoding = 4; lastKnownFileType = sourcecode.c.objc; path = TestModel.m; sourceTree = "<group>"; };
		F813B78C1E4371EF008CB5F0 /* User.h */ = {isa = PBXFileReference; fileEncoding = 4; lastKnownFileType = sourcecode.c.h; path = User.h; sourceTree = "<group>"; };
		F813B78D1E4371EF008CB5F0 /* User.m */ = {isa = PBXFileReference; fileEncoding = 4; lastKnownFileType = sourcecode.c.objc; path = User.m; sourceTree = "<group>"; };
		F813B79D1E437257008CB5F0 /* LMBDBHelper.h */ = {isa = PBXFileReference; fileEncoding = 4; lastKnownFileType = sourcecode.c.h; path = LMBDBHelper.h; sourceTree = "<group>"; };
		F813B79E1E437257008CB5F0 /* LMBDBHelper.m */ = {isa = PBXFileReference; fileEncoding = 4; lastKnownFileType = sourcecode.c.objc; path = LMBDBHelper.m; sourceTree = "<group>"; };
		F813B79F1E437257008CB5F0 /* LMBDBModel.h */ = {isa = PBXFileReference; fileEncoding = 4; lastKnownFileType = sourcecode.c.h; path = LMBDBModel.h; sourceTree = "<group>"; };
		F813B7A01E437257008CB5F0 /* LMBDBModel.m */ = {isa = PBXFileReference; fileEncoding = 4; lastKnownFileType = sourcecode.c.objc; path = LMBDBModel.m; sourceTree = "<group>"; };
		F813B7A31E4374BD008CB5F0 /* libsqlite3.tbd */ = {isa = PBXFileReference; lastKnownFileType = "sourcecode.text-based-dylib-definition"; name = libsqlite3.tbd; path = usr/lib/libsqlite3.tbd; sourceTree = SDKROOT; };
		F813B7A51E4374C5008CB5F0 /* libstdc++.6.0.9.tbd */ = {isa = PBXFileReference; lastKnownFileType = "sourcecode.text-based-dylib-definition"; name = "libstdc++.6.0.9.tbd"; path = "usr/lib/libstdc++.6.0.9.tbd"; sourceTree = SDKROOT; };
/* End PBXFileReference section */

/* Begin PBXFrameworksBuildPhase section */
		F813B7351E43716A008CB5F0 /* Frameworks */ = {
			isa = PBXFrameworksBuildPhase;
			buildActionMask = 2147483647;
			files = (
				F813B7A61E4374C5008CB5F0 /* libstdc++.6.0.9.tbd in Frameworks */,
				F813B7A41E4374BD008CB5F0 /* libsqlite3.tbd in Frameworks */,
			);
			runOnlyForDeploymentPostprocessing = 0;
		};
		F813B74E1E43716A008CB5F0 /* Frameworks */ = {
			isa = PBXFrameworksBuildPhase;
			buildActionMask = 2147483647;
			files = (
			);
			runOnlyForDeploymentPostprocessing = 0;
		};
		F813B7591E43716B008CB5F0 /* Frameworks */ = {
			isa = PBXFrameworksBuildPhase;
			buildActionMask = 2147483647;
			files = (
			);
			runOnlyForDeploymentPostprocessing = 0;
		};
/* End PBXFrameworksBuildPhase section */

/* Begin PBXGroup section */
		F813B72F1E43716A008CB5F0 = {
			isa = PBXGroup;
			children = (
				F813B7A51E4374C5008CB5F0 /* libstdc++.6.0.9.tbd */,
				F813B7A31E4374BD008CB5F0 /* libsqlite3.tbd */,
				F813B73A1E43716A008CB5F0 /* DBUtils */,
				F813B7541E43716A008CB5F0 /* DBUtilsTests */,
				F813B75F1E43716B008CB5F0 /* DBUtilsUITests */,
				F813B7391E43716A008CB5F0 /* Products */,
			);
			sourceTree = "<group>";
		};
		F813B7391E43716A008CB5F0 /* Products */ = {
			isa = PBXGroup;
			children = (
				F813B7381E43716A008CB5F0 /* DBUtils.app */,
				F813B7511E43716A008CB5F0 /* DBUtilsTests.xctest */,
				F813B75C1E43716B008CB5F0 /* DBUtilsUITests.xctest */,
			);
			name = Products;
			sourceTree = "<group>";
		};
		F813B73A1E43716A008CB5F0 /* DBUtils */ = {
			isa = PBXGroup;
			children = (
				F813B79C1E437214008CB5F0 /* DBModel */,
				F813B76E1E4371EF008CB5F0 /* fmdb */,
				F813B7851E4371EF008CB5F0 /* SerVer */,
				F813B73E1E43716A008CB5F0 /* AppDelegate.h */,
				F813B73F1E43716A008CB5F0 /* AppDelegate.m */,
				F813B7411E43716A008CB5F0 /* ViewController.h */,
				F813B7421E43716A008CB5F0 /* ViewController.m */,
				F813B7441E43716A008CB5F0 /* Main.storyboard */,
				F813B7471E43716A008CB5F0 /* Assets.xcassets */,
				F813B7491E43716A008CB5F0 /* LaunchScreen.storyboard */,
				F813B74C1E43716A008CB5F0 /* Info.plist */,
				F813B73B1E43716A008CB5F0 /* Supporting Files */,
			);
			path = DBUtils;
			sourceTree = "<group>";
		};
		F813B73B1E43716A008CB5F0 /* Supporting Files */ = {
			isa = PBXGroup;
			children = (
				F813B73C1E43716A008CB5F0 /* main.m */,
			);
			name = "Supporting Files";
			sourceTree = "<group>";
		};
		F813B7541E43716A008CB5F0 /* DBUtilsTests */ = {
			isa = PBXGroup;
			children = (
				F813B7551E43716A008CB5F0 /* DBUtilsTests.m */,
				F813B7571E43716B008CB5F0 /* Info.plist */,
			);
			path = DBUtilsTests;
			sourceTree = "<group>";
		};
		F813B75F1E43716B008CB5F0 /* DBUtilsUITests */ = {
			isa = PBXGroup;
			children = (
				F813B7601E43716B008CB5F0 /* DBUtilsUITests.m */,
				F813B7621E43716B008CB5F0 /* Info.plist */,
			);
			path = DBUtilsUITests;
			sourceTree = "<group>";
		};
		F813B76E1E4371EF008CB5F0 /* fmdb */ = {
			isa = PBXGroup;
			children = (
				F813B77A1E4371EF008CB5F0 /* FMDatabase.h */,
				F813B77B1E4371EF008CB5F0 /* FMDatabase.m */,
				F813B77C1E4371EF008CB5F0 /* FMDatabaseAdditions.h */,
				F813B77D1E4371EF008CB5F0 /* FMDatabaseAdditions.m */,
				F813B77E1E4371EF008CB5F0 /* FMDatabasePool.h */,
				F813B77F1E4371EF008CB5F0 /* FMDatabasePool.m */,
				F813B7801E4371EF008CB5F0 /* FMDatabaseQueue.h */,
				F813B7811E4371EF008CB5F0 /* FMDatabaseQueue.m */,
				F813B7821E4371EF008CB5F0 /* FMDB.h */,
				F813B7831E4371EF008CB5F0 /* FMResultSet.h */,
				F813B7841E4371EF008CB5F0 /* FMResultSet.m */,
			);
			path = fmdb;
			sourceTree = "<group>";
		};
		F813B7851E4371EF008CB5F0 /* SerVer */ = {
			isa = PBXGroup;
			children = (
				F813B78A1E4371EF008CB5F0 /* TestModel.h */,
				F813B78B1E4371EF008CB5F0 /* TestModel.m */,
				F813B78C1E4371EF008CB5F0 /* User.h */,
				F813B78D1E4371EF008CB5F0 /* User.m */,
			);
			path = SerVer;
			sourceTree = "<group>";
		};
		F813B79C1E437214008CB5F0 /* DBModel */ = {
			isa = PBXGroup;
			children = (
				F813B79D1E437257008CB5F0 /* LMBDBHelper.h */,
				F813B79E1E437257008CB5F0 /* LMBDBHelper.m */,
				F813B79F1E437257008CB5F0 /* LMBDBModel.h */,
				F813B7A01E437257008CB5F0 /* LMBDBModel.m */,
			);
			path = DBModel;
			sourceTree = "<group>";
		};
/* End PBXGroup section */

/* Begin PBXNativeTarget section */
		F813B7371E43716A008CB5F0 /* DBUtils */ = {
			isa = PBXNativeTarget;
			buildConfigurationList = F813B7651E43716B008CB5F0 /* Build configuration list for PBXNativeTarget "DBUtils" */;
			buildPhases = (
				F813B7341E43716A008CB5F0 /* Sources */,
				F813B7351E43716A008CB5F0 /* Frameworks */,
				F813B7361E43716A008CB5F0 /* Resources */,
			);
			buildRules = (
			);
			dependencies = (
			);
			name = DBUtils;
			productName = DBUtils;
			productReference = F813B7381E43716A008CB5F0 /* DBUtils.app */;
			productType = "com.apple.product-type.application";
		};
		F813B7501E43716A008CB5F0 /* DBUtilsTests */ = {
			isa = PBXNativeTarget;
			buildConfigurationList = F813B7681E43716B008CB5F0 /* Build configuration list for PBXNativeTarget "DBUtilsTests" */;
			buildPhases = (
				F813B74D1E43716A008CB5F0 /* Sources */,
				F813B74E1E43716A008CB5F0 /* Frameworks */,
				F813B74F1E43716A008CB5F0 /* Resources */,
			);
			buildRules = (
			);
			dependencies = (
				F813B7531E43716A008CB5F0 /* PBXTargetDependency */,
			);
			name = DBUtilsTests;
			productName = DBUtilsTests;
			productReference = F813B7511E43716A008CB5F0 /* DBUtilsTests.xctest */;
			productType = "com.apple.product-type.bundle.unit-test";
		};
		F813B75B1E43716B008CB5F0 /* DBUtilsUITests */ = {
			isa = PBXNativeTarget;
			buildConfigurationList = F813B76B1E43716B008CB5F0 /* Build configuration list for PBXNativeTarget "DBUtilsUITests" */;
			buildPhases = (
				F813B7581E43716B008CB5F0 /* Sources */,
				F813B7591E43716B008CB5F0 /* Frameworks */,
				F813B75A1E43716B008CB5F0 /* Resources */,
			);
			buildRules = (
			);
			dependencies = (
				F813B75E1E43716B008CB5F0 /* PBXTargetDependency */,
			);
			name = DBUtilsUITests;
			productName = DBUtilsUITests;
			productReference = F813B75C1E43716B008CB5F0 /* DBUtilsUITests.xctest */;
			productType = "com.apple.product-type.bundle.ui-testing";
		};
/* End PBXNativeTarget section */

/* Begin PBXProject section */
		F813B7301E43716A008CB5F0 /* Project object */ = {
			isa = PBXProject;
			attributes = {
				LastUpgradeCheck = 0720;
				ORGANIZATIONNAME = liuluoxing;
				TargetAttributes = {
					F813B7371E43716A008CB5F0 = {
						CreatedOnToolsVersion = 7.2.1;
					};
					F813B7501E43716A008CB5F0 = {
						CreatedOnToolsVersion = 7.2.1;
						TestTargetID = F813B7371E43716A008CB5F0;
					};
					F813B75B1E43716B008CB5F0 = {
						CreatedOnToolsVersion = 7.2.1;
						TestTargetID = F813B7371E43716A008CB5F0;
					};
				};
			};
			buildConfigurationList = F813B7331E43716A008CB5F0 /* Build configuration list for PBXProject "DBUtils" */;
			compatibilityVersion = "Xcode 3.2";
			developmentRegion = English;
			hasScannedForEncodings = 0;
			knownRegions = (
				en,
				Base,
			);
			mainGroup = F813B72F1E43716A008CB5F0;
			productRefGroup = F813B7391E43716A008CB5F0 /* Products */;
			projectDirPath = "";
			projectRoot = "";
			targets = (
				F813B7371E43716A008CB5F0 /* DBUtils */,
				F813B7501E43716A008CB5F0 /* DBUtilsTests */,
				F813B75B1E43716B008CB5F0 /* DBUtilsUITests */,
			);
		};
/* End PBXProject section */

/* Begin PBXResourcesBuildPhase section */
		F813B7361E43716A008CB5F0 /* Resources */ = {
			isa = PBXResourcesBuildPhase;
			buildActionMask = 2147483647;
			files = (
				F813B74B1E43716A008CB5F0 /* LaunchScreen.storyboard in Resources */,
				F813B7481E43716A008CB5F0 /* Assets.xcassets in Resources */,
				F813B7461E43716A008CB5F0 /* Main.storyboard in Resources */,
			);
			runOnlyForDeploymentPostprocessing = 0;
		};
		F813B74F1E43716A008CB5F0 /* Resources */ = {
			isa = PBXResourcesBuildPhase;
			buildActionMask = 2147483647;
			files = (
			);
			runOnlyForDeploymentPostprocessing = 0;
		};
		F813B75A1E43716B008CB5F0 /* Resources */ = {
			isa = PBXResourcesBuildPhase;
			buildActionMask = 2147483647;
			files = (
			);
			runOnlyForDeploymentPostprocessing = 0;
		};
/* End PBXResourcesBuildPhase section */

/* Begin PBXSourcesBuildPhase section */
		F813B7341E43716A008CB5F0 /* Sources */ = {
			isa = PBXSourcesBuildPhase;
			buildActionMask = 2147483647;
			files = (
				F813B7431E43716A008CB5F0 /* ViewController.m in Sources */,
				F813B7401E43716A008CB5F0 /* AppDelegate.m in Sources */,
				F813B7931E4371EF008CB5F0 /* FMDatabase.m in Sources */,
				F813B79B1E4371EF008CB5F0 /* User.m in Sources */,
				F813B7961E4371EF008CB5F0 /* FMDatabaseQueue.m in Sources */,
				F813B79A1E4371EF008CB5F0 /* TestModel.m in Sources */,
				F813B7A21E437257008CB5F0 /* LMBDBModel.m in Sources */,
				F813B7971E4371EF008CB5F0 /* FMResultSet.m in Sources */,
				F813B7951E4371EF008CB5F0 /* FMDatabasePool.m in Sources */,
				F813B73D1E43716A008CB5F0 /* main.m in Sources */,
				F813B7941E4371EF008CB5F0 /* FMDatabaseAdditions.m in Sources */,
				F813B7A11E437257008CB5F0 /* LMBDBHelper.m in Sources */,
			);
			runOnlyForDeploymentPostprocessing = 0;
		};
		F813B74D1E43716A008CB5F0 /* Sources */ = {
			isa = PBXSourcesBuildPhase;
			buildActionMask = 2147483647;
			files = (
				F813B7561E43716A008CB5F0 /* DBUtilsTests.m in Sources */,
			);
			runOnlyForDeploymentPostprocessing = 0;
		};
		F813B7581E43716B008CB5F0 /* Sources */ = {
			isa = PBXSourcesBuildPhase;
			buildActionMask = 2147483647;
			files = (
				F813B7611E43716B008CB5F0 /* DBUtilsUITests.m in Sources */,
			);
			runOnlyForDeploymentPostprocessing = 0;
		};
/* End PBXSourcesBuildPhase section */

/* Begin PBXTargetDependency section */
		F813B7531E43716A008CB5F0 /* PBXTargetDependency */ = {
			isa = PBXTargetDependency;
			target = F813B7371E43716A008CB5F0 /* DBUtils */;
			targetProxy = F813B7521E43716A008CB5F0 /* PBXContainerItemProxy */;
		};
		F813B75E1E43716B008CB5F0 /* PBXTargetDependency */ = {
			isa = PBXTargetDependency;
			target = F813B7371E43716A008CB5F0 /* DBUtils */;
			targetProxy = F813B75D1E43716B008CB5F0 /* PBXContainerItemProxy */;
		};
/* End PBXTargetDependency section */

/* Begin PBXVariantGroup section */
		F813B7441E43716A008CB5F0 /* Main.storyboard */ = {
			isa = PBXVariantGroup;
			children = (
				F813B7451E43716A008CB5F0 /* Base */,
			);
			name = Main.storyboard;
			sourceTree = "<group>";
		};
		F813B7491E43716A008CB5F0 /* LaunchScreen.storyboard */ = {
			isa = PBXVariantGroup;
			children = (
				F813B74A1E43716A008CB5F0 /* Base */,
			);
			name = LaunchScreen.storyboard;
			sourceTree = "<group>";
		};
/* End PBXVariantGroup section */

/* Begin XCBuildConfiguration section */
		F813B7631E43716B008CB5F0 /* Debug */ = {
			isa = XCBuildConfiguration;
			buildSettings = {
				ALWAYS_SEARCH_USER_PATHS = NO;
				CLANG_CXX_LANGUAGE_STANDARD = "gnu++0x";
				CLANG_CXX_LIBRARY = "libc++";
				CLANG_ENABLE_MODULES = YES;
				CLANG_ENABLE_OBJC_ARC = YES;
				CLANG_WARN_BOOL_CONVERSION = YES;
				CLANG_WARN_CONSTANT_CONVERSION = YES;
				CLANG_WARN_DIRECT_OBJC_ISA_USAGE = YES_ERROR;
				CLANG_WARN_EMPTY_BODY = YES;
				CLANG_WARN_ENUM_CONVERSION = YES;
				CLANG_WARN_INT_CONVERSION = YES;
				CLANG_WARN_OBJC_ROOT_CLASS = YES_ERROR;
				CLANG_WARN_UNREACHABLE_CODE = YES;
				CLANG_WARN__DUPLICATE_METHOD_MATCH = YES;
				"CODE_SIGN_IDENTITY[sdk=iphoneos*]" = "iPhone Developer";
				COPY_PHASE_STRIP = NO;
				DEBUG_INFORMATION_FORMAT = dwarf;
				ENABLE_STRICT_OBJC_MSGSEND = YES;
				ENABLE_TESTABILITY = YES;
				GCC_C_LANGUAGE_STANDARD = gnu99;
				GCC_DYNAMIC_NO_PIC = NO;
				GCC_NO_COMMON_BLOCKS = YES;
				GCC_OPTIMIZATION_LEVEL = 0;
				GCC_PREPROCESSOR_DEFINITIONS = (
					"DEBUG=1",
					"$(inherited)",
				);
				GCC_WARN_64_TO_32_BIT_CONVERSION = YES;
				GCC_WARN_ABOUT_RETURN_TYPE = YES_ERROR;
				GCC_WARN_UNDECLARED_SELECTOR = YES;
				GCC_WARN_UNINITIALIZED_AUTOS = YES_AGGRESSIVE;
				GCC_WARN_UNUSED_FUNCTION = YES;
				GCC_WARN_UNUSED_VARIABLE = YES;
				IPHONEOS_DEPLOYMENT_TARGET = 9.2;
				MTL_ENABLE_DEBUG_INFO = YES;
				ONLY_ACTIVE_ARCH = YES;
				SDKROOT = iphoneos;
				TARGETED_DEVICE_FAMILY = "1,2";
			};
			name = Debug;
		};
		F813B7641E43716B008CB5F0 /* Release */ = {
			isa = XCBuildConfiguration;
			buildSettings = {
				ALWAYS_SEARCH_USER_PATHS = NO;
				CLANG_CXX_LANGUAGE_STANDARD = "gnu++0x";
				CLANG_CXX_LIBRARY = "libc++";
				CLANG_ENABLE_MODULES = YES;
				CLANG_ENABLE_OBJC_ARC = YES;
				CLANG_WARN_BOOL_CONVERSION = YES;
				CLANG_WARN_CONSTANT_CONVERSION = YES;
				CLANG_WARN_DIRECT_OBJC_ISA_USAGE = YES_ERROR;
				CLANG_WARN_EMPTY_BODY = YES;
				CLANG_WARN_ENUM_CONVERSION = YES;
				CLANG_WARN_INT_CONVERSION = YES;
				CLANG_WARN_OBJC_ROOT_CLASS = YES_ERROR;
				CLANG_WARN_UNREACHABLE_CODE = YES;
				CLANG_WARN__DUPLICATE_METHOD_MATCH = YES;
				"CODE_SIGN_IDENTITY[sdk=iphoneos*]" = "iPhone Developer";
				COPY_PHASE_STRIP = NO;
				DEBUG_INFORMATION_FORMAT = "dwarf-with-dsym";
				ENABLE_NS_ASSERTIONS = NO;
				ENABLE_STRICT_OBJC_MSGSEND = YES;
				GCC_C_LANGUAGE_STANDARD = gnu99;
				GCC_NO_COMMON_BLOCKS = YES;
				GCC_WARN_64_TO_32_BIT_CONVERSION = YES;
				GCC_WARN_ABOUT_RETURN_TYPE = YES_ERROR;
				GCC_WARN_UNDECLARED_SELECTOR = YES;
				GCC_WARN_UNINITIALIZED_AUTOS = YES_AGGRESSIVE;
				GCC_WARN_UNUSED_FUNCTION = YES;
				GCC_WARN_UNUSED_VARIABLE = YES;
				IPHONEOS_DEPLOYMENT_TARGET = 9.2;
				MTL_ENABLE_DEBUG_INFO = NO;
				SDKROOT = iphoneos;
				TARGETED_DEVICE_FAMILY = "1,2";
				VALIDATE_PRODUCT = YES;
			};
			name = Release;
		};
		F813B7661E43716B008CB5F0 /* Debug */ = {
			isa = XCBuildConfiguration;
			buildSettings = {
				ASSETCATALOG_COMPILER_APPICON_NAME = AppIcon;
				INFOPLIST_FILE = DBUtils/Info.plist;
				LD_RUNPATH_SEARCH_PATHS = "$(inherited) @executable_path/Frameworks";
				PRODUCT_BUNDLE_IDENTIFIER = liuluoxing.DBUtils;
				PRODUCT_NAME = "$(TARGET_NAME)";
			};
			name = Debug;
		};
		F813B7671E43716B008CB5F0 /* Release */ = {
			isa = XCBuildConfiguration;
			buildSettings = {
				ASSETCATALOG_COMPILER_APPICON_NAME = AppIcon;
				INFOPLIST_FILE = DBUtils/Info.plist;
				LD_RUNPATH_SEARCH_PATHS = "$(inherited) @executable_path/Frameworks";
				PRODUCT_BUNDLE_IDENTIFIER = liuluoxing.DBUtils;
				PRODUCT_NAME = "$(TARGET_NAME)";
			};
			name = Release;
		};
		F813B7691E43716B008CB5F0 /* Debug */ = {
			isa = XCBuildConfiguration;
			buildSettings = {
				BUNDLE_LOADER = "$(TEST_HOST)";
				INFOPLIST_FILE = DBUtilsTests/Info.plist;
				LD_RUNPATH_SEARCH_PATHS = "$(inherited) @executable_path/Frameworks @loader_path/Frameworks";
				PRODUCT_BUNDLE_IDENTIFIER = liuluoxing.DBUtilsTests;
				PRODUCT_NAME = "$(TARGET_NAME)";
				TEST_HOST = "$(BUILT_PRODUCTS_DIR)/DBUtils.app/DBUtils";
			};
			name = Debug;
		};
		F813B76A1E43716B008CB5F0 /* Release */ = {
			isa = XCBuildConfiguration;
			buildSettings = {
				BUNDLE_LOADER = "$(TEST_HOST)";
				INFOPLIST_FILE = DBUtilsTests/Info.plist;
				LD_RUNPATH_SEARCH_PATHS = "$(inherited) @executable_path/Frameworks @loader_path/Frameworks";
				PRODUCT_BUNDLE_IDENTIFIER = liuluoxing.DBUtilsTests;
				PRODUCT_NAME = "$(TARGET_NAME)";
				TEST_HOST = "$(BUILT_PRODUCTS_DIR)/DBUtils.app/DBUtils";
			};
			name = Release;
		};
		F813B76C1E43716B008CB5F0 /* Debug */ = {
			isa = XCBuildConfiguration;
			buildSettings = {
				INFOPLIST_FILE = DBUtilsUITests/Info.plist;
				LD_RUNPATH_SEARCH_PATHS = "$(inherited) @executable_path/Frameworks @loader_path/Frameworks";
				PRODUCT_BUNDLE_IDENTIFIER = liuluoxing.DBUtilsUITests;
				PRODUCT_NAME = "$(TARGET_NAME)";
				TEST_TARGET_NAME = DBUtils;
				USES_XCTRUNNER = YES;
			};
			name = Debug;
		};
		F813B76D1E43716B008CB5F0 /* Release */ = {
			isa = XCBuildConfiguration;
			buildSettings = {
				INFOPLIST_FILE = DBUtilsUITests/Info.plist;
				LD_RUNPATH_SEARCH_PATHS = "$(inherited) @executable_path/Frameworks @loader_path/Frameworks";
				PRODUCT_BUNDLE_IDENTIFIER = liuluoxing.DBUtilsUITests;
				PRODUCT_NAME = "$(TARGET_NAME)";
				TEST_TARGET_NAME = DBUtils;
				USES_XCTRUNNER = YES;
			};
			name = Release;
		};
/* End XCBuildConfiguration section */

/* Begin XCConfigurationList section */
		F813B7331E43716A008CB5F0 /* Build configuration list for PBXProject "DBUtils" */ = {
			isa = XCConfigurationList;
			buildConfigurations = (
				F813B7631E43716B008CB5F0 /* Debug */,
				F813B7641E43716B008CB5F0 /* Release */,
			);
			defaultConfigurationIsVisible = 0;
			defaultConfigurationName = Release;
		};
		F813B7651E43716B008CB5F0 /* Build configuration list for PBXNativeTarget "DBUtils" */ = {
			isa = XCConfigurationList;
			buildConfigurations = (
				F813B7661E43716B008CB5F0 /* Debug */,
				F813B7671E43716B008CB5F0 /* Release */,
			);
			defaultConfigurationIsVisible = 0;
			defaultConfigurationName = Release;
		};
		F813B7681E43716B008CB5F0 /* Build configuration list for PBXNativeTarget "DBUtilsTests" */ = {
			isa = XCConfigurationList;
			buildConfigurations = (
				F813B7691E43716B008CB5F0 /* Debug */,
				F813B76A1E43716B008CB5F0 /* Release */,
			);
			defaultConfigurationIsVisible = 0;
			defaultConfigurationName = Release;
		};
		F813B76B1E43716B008CB5F0 /* Build configuration list for PBXNativeTarget "DBUtilsUITests" */ = {
			isa = XCConfigurationList;
			buildConfigurations = (
				F813B76C1E43716B008CB5F0 /* Debug */,
				F813B76D1E43716B008CB5F0 /* Release */,
			);
			defaultConfigurationIsVisible = 0;
			defaultConfigurationName = Release;
		};
/* End XCConfigurationList section */
	};
	rootObject = F813B7301E43716A008CB5F0 /* Project object */;
}
